Microsoft Visual Studio Solution File, Format Version 12.00
# Visual Studio 2012
Project("{FAE04EC0-301F-11D3-BF4B-00C04F79EFBC}") = "Test 3d", "Test 3d.csproj", "{291B29AA-7CFB-4CA6-AFFF-84999D0B6FB6}"
EndProject
Global
	GlobalSection(SolutionConfigurationPlatforms) = preSolution
	Debug|Any CPU = Debug|Any CPU
	ExportDebug|Any CPU = ExportDebug|Any CPU
	ExportRelease|Any CPU = ExportRelease|Any CPU
	EndGlobalSection
	GlobalSection(ProjectConfigurationPlatforms) = postSolution
		{291B29AA-7CFB-4CA6-AFFF-84999D0B6FB6}.Debug|Any CPU.ActiveCfg = Debug|Any CPU
		{291B29AA-7CFB-4CA6-AFFF-84999D0B6FB6}.Debug|Any CPU.Build.0 = Debug|Any CPU
		{291B29AA-7CFB-4CA6-AFFF-84999D0B6FB6}.ExportDebug|Any CPU.ActiveCfg = ExportDebug|Any CPU
		{291B29AA-7CFB-4CA6-AFFF-84999D0B6FB6}.ExportDebug|Any CPU.Build.0 = ExportDebug|Any CPU
		{291B29AA-7CFB-4CA6-AFFF-84999D0B6FB6}.ExportRelease|Any CPU.ActiveCfg = ExportRelease|Any CPU
		{291B29AA-7CFB-4CA6-AFFF-84999D0B6FB6}.ExportRelease|Any CPU.Build.0 = ExportRelease|Any CPU
	EndGlobalSection
EndGlobal
